
Microsoft Visual Studio Solution File, Format Version 12.00
# Visual Studio 14
VisualStudioVersion = 14.0.25420.1
MinimumVisualStudioVersion = 10.0.40219.1
Project("{FAE04EC0-301F-11D3-BF4B-00C04F79EFBC}") = "EscolaEntities", "EscolaEntities\EscolaEntities.csproj", "{7697E353-0A31-4A67-B256-27F9CB1EAE11}"
EndProject
Project("{FAE04EC0-301F-11D3-BF4B-00C04F79EFBC}") = "EscolaService", "EscolaService\EscolaService.csproj", "{6FF4E24A-7E3B-4AA2-B27F-092B1D6411A0}"
EndProject
Project("{FAE04EC0-301F-11D3-BF4B-00C04F79EFBC}") = "EscolaSelfHost", "EscolaSelfHost\EscolaSelfHost.csproj", "{1B3AF60B-9096-4AD1-B87B-65A00E04194D}"
EndProject
Project("{FAE04EC0-301F-11D3-BF4B-00C04F79EFBC}") = "EscolaIISHost", "EscolaIISHost\EscolaIISHost.csproj", "{6C9CEA33-1C1F-4486-9763-C08C853CE3B1}"
EndProject
Project("{FAE04EC0-301F-11D3-BF4B-00C04F79EFBC}") = "EscolaClient", "EscolaClient\EscolaClient.csproj", "{037FD797-8961-4573-86BA-7E0776358A08}"
	ProjectSection(ProjectDependencies) = postProject
		{6C9CEA33-1C1F-4486-9763-C08C853CE3B1} = {6C9CEA33-1C1F-4486-9763-C08C853CE3B1}
	EndProjectSection
EndProject
Global
	GlobalSection(SolutionConfigurationPlatforms) = preSolution
		Debug|Any CPU = Debug|Any CPU
		Release|Any CPU = Release|Any CPU
	EndGlobalSection
	GlobalSection(ProjectConfigurationPlatforms) = postSolution
		{7697E353-0A31-4A67-B256-27F9CB1EAE11}.Debug|Any CPU.ActiveCfg = Debug|Any CPU
		{7697E353-0A31-4A67-B256-27F9CB1EAE11}.Debug|Any CPU.Build.0 = Debug|Any CPU
		{7697E353-0A31-4A67-B256-27F9CB1EAE11}.Release|Any CPU.ActiveCfg = Release|Any CPU
		{7697E353-0A31-4A67-B256-27F9CB1EAE11}.Release|Any CPU.Build.0 = Release|Any CPU
		{6FF4E24A-7E3B-4AA2-B27F-092B1D6411A0}.Debug|Any CPU.ActiveCfg = Debug|Any CPU
		{6FF4E24A-7E3B-4AA2-B27F-092B1D6411A0}.Debug|Any CPU.Build.0 = Debug|Any CPU
		{6FF4E24A-7E3B-4AA2-B27F-092B1D6411A0}.Release|Any CPU.ActiveCfg = Release|Any CPU
		{6FF4E24A-7E3B-4AA2-B27F-092B1D6411A0}.Release|Any CPU.Build.0 = Release|Any CPU
		{1B3AF60B-9096-4AD1-B87B-65A00E04194D}.Debug|Any CPU.ActiveCfg = Debug|Any CPU
		{1B3AF60B-9096-4AD1-B87B-65A00E04194D}.Debug|Any CPU.Build.0 = Debug|Any CPU
		{1B3AF60B-9096-4AD1-B87B-65A00E04194D}.Release|Any CPU.ActiveCfg = Release|Any CPU
		{1B3AF60B-9096-4AD1-B87B-65A00E04194D}.Release|Any CPU.Build.0 = Release|Any CPU
		{6C9CEA33-1C1F-4486-9763-C08C853CE3B1}.Debug|Any CPU.ActiveCfg = Debug|Any CPU
		{6C9CEA33-1C1F-4486-9763-C08C853CE3B1}.Debug|Any CPU.Build.0 = Debug|Any CPU
		{6C9CEA33-1C1F-4486-9763-C08C853CE3B1}.Release|Any CPU.ActiveCfg = Release|Any CPU
		{6C9CEA33-1C1F-4486-9763-C08C853CE3B1}.Release|Any CPU.Build.0 = Release|Any CPU
		{037FD797-8961-4573-86BA-7E0776358A08}.Debug|Any CPU.ActiveCfg = Debug|Any CPU
		{037FD797-8961-4573-86BA-7E0776358A08}.Debug|Any CPU.Build.0 = Debug|Any CPU
		{037FD797-8961-4573-86BA-7E0776358A08}.Release|Any CPU.ActiveCfg = Release|Any CPU
		{037FD797-8961-4573-86BA-7E0776358A08}.Release|Any CPU.Build.0 = Release|Any CPU
	EndGlobalSection
	GlobalSection(SolutionProperties) = preSolution
		HideSolutionNode = FALSE
	EndGlobalSection
EndGlobal
