
Microsoft Visual Studio Solution File, Format Version 12.00
# Visual Studio 14
VisualStudioVersion = 14.0.25420.1
MinimumVisualStudioVersion = 10.0.40219.1
Project("{FAE04EC0-301F-11D3-BF4B-00C04F79EFBC}") = "EscolaEntities", "EscolaEntities\EscolaEntities.csproj", "{BEC29EC0-13C2-402C-B478-F60364FC5744}"
EndProject
Project("{FAE04EC0-301F-11D3-BF4B-00C04F79EFBC}") = "EscolaService", "EscolaService\EscolaService.csproj", "{7A3BB77A-9DB6-4E25-B9A5-F0F6EC04360F}"
EndProject
Project("{FAE04EC0-301F-11D3-BF4B-00C04F79EFBC}") = "EscolaSelfhost", "EscolaSelfhost\EscolaSelfhost.csproj", "{2D2D9791-BF9C-4AFA-B8F0-386B41F3DDEE}"
EndProject
Project("{FAE04EC0-301F-11D3-BF4B-00C04F79EFBC}") = "EscolaIISHost", "EscolaIISHost\EscolaIISHost.csproj", "{9F9102E4-AD65-41D7-897A-D356008611DE}"
EndProject
Project("{FAE04EC0-301F-11D3-BF4B-00C04F79EFBC}") = "EscolaClient", "EscolaClient\EscolaClient.csproj", "{47419B4C-8CCC-4C1A-9417-5575311C504A}"
	ProjectSection(ProjectDependencies) = postProject
		{9F9102E4-AD65-41D7-897A-D356008611DE} = {9F9102E4-AD65-41D7-897A-D356008611DE}
	EndProjectSection
EndProject
Global
	GlobalSection(SolutionConfigurationPlatforms) = preSolution
		Debug|Any CPU = Debug|Any CPU
		Release|Any CPU = Release|Any CPU
	EndGlobalSection
	GlobalSection(ProjectConfigurationPlatforms) = postSolution
		{BEC29EC0-13C2-402C-B478-F60364FC5744}.Debug|Any CPU.ActiveCfg = Debug|Any CPU
		{BEC29EC0-13C2-402C-B478-F60364FC5744}.Debug|Any CPU.Build.0 = Debug|Any CPU
		{BEC29EC0-13C2-402C-B478-F60364FC5744}.Release|Any CPU.ActiveCfg = Release|Any CPU
		{BEC29EC0-13C2-402C-B478-F60364FC5744}.Release|Any CPU.Build.0 = Release|Any CPU
		{7A3BB77A-9DB6-4E25-B9A5-F0F6EC04360F}.Debug|Any CPU.ActiveCfg = Debug|Any CPU
		{7A3BB77A-9DB6-4E25-B9A5-F0F6EC04360F}.Debug|Any CPU.Build.0 = Debug|Any CPU
		{7A3BB77A-9DB6-4E25-B9A5-F0F6EC04360F}.Release|Any CPU.ActiveCfg = Release|Any CPU
		{7A3BB77A-9DB6-4E25-B9A5-F0F6EC04360F}.Release|Any CPU.Build.0 = Release|Any CPU
		{2D2D9791-BF9C-4AFA-B8F0-386B41F3DDEE}.Debug|Any CPU.ActiveCfg = Debug|Any CPU
		{2D2D9791-BF9C-4AFA-B8F0-386B41F3DDEE}.Debug|Any CPU.Build.0 = Debug|Any CPU
		{2D2D9791-BF9C-4AFA-B8F0-386B41F3DDEE}.Release|Any CPU.ActiveCfg = Release|Any CPU
		{2D2D9791-BF9C-4AFA-B8F0-386B41F3DDEE}.Release|Any CPU.Build.0 = Release|Any CPU
		{9F9102E4-AD65-41D7-897A-D356008611DE}.Debug|Any CPU.ActiveCfg = Debug|Any CPU
		{9F9102E4-AD65-41D7-897A-D356008611DE}.Debug|Any CPU.Build.0 = Debug|Any CPU
		{9F9102E4-AD65-41D7-897A-D356008611DE}.Release|Any CPU.ActiveCfg = Release|Any CPU
		{9F9102E4-AD65-41D7-897A-D356008611DE}.Release|Any CPU.Build.0 = Release|Any CPU
		{47419B4C-8CCC-4C1A-9417-5575311C504A}.Debug|Any CPU.ActiveCfg = Debug|Any CPU
		{47419B4C-8CCC-4C1A-9417-5575311C504A}.Debug|Any CPU.Build.0 = Debug|Any CPU
		{47419B4C-8CCC-4C1A-9417-5575311C504A}.Release|Any CPU.ActiveCfg = Release|Any CPU
		{47419B4C-8CCC-4C1A-9417-5575311C504A}.Release|Any CPU.Build.0 = Release|Any CPU
	EndGlobalSection
	GlobalSection(SolutionProperties) = preSolution
		HideSolutionNode = FALSE
	EndGlobalSection
EndGlobal
